
Microsoft Visual Studio Solution File, Format Version 12.00
# Visual Studio Version 16
VisualStudioVersion = 16.0.30523.141
MinimumVisualStudioVersion = 10.0.40219.1
Project("{FAE04EC0-301F-11D3-BF4B-00C04F79EFBC}") = "Lizard-Tail", "Lizard-Tail\Lizard-Tail.csproj", "{3952D8CD-D922-42CB-BE4A-7E951E1580A4}"
EndProject
Global
	GlobalSection(SolutionConfigurationPlatforms) = preSolution
		Debug|Any CPU = Debug|Any CPU
		Release|Any CPU = Release|Any CPU
	EndGlobalSection
	GlobalSection(ProjectConfigurationPlatforms) = postSolution
		{3952D8CD-D922-42CB-BE4A-7E951E1580A4}.Debug|Any CPU.ActiveCfg = Debug|Any CPU
		{3952D8CD-D922-42CB-BE4A-7E951E1580A4}.Debug|Any CPU.Build.0 = Debug|Any CPU
		{3952D8CD-D922-42CB-BE4A-7E951E1580A4}.Release|Any CPU.ActiveCfg = Release|Any CPU
		{3952D8CD-D922-42CB-BE4A-7E951E1580A4}.Release|Any CPU.Build.0 = Release|Any CPU
	EndGlobalSection
	GlobalSection(SolutionProperties) = preSolution
		HideSolutionNode = FALSE
	EndGlobalSection
	GlobalSection(ExtensibilityGlobals) = postSolution
		SolutionGuid = {1B4A68E7-1E8A-4224-84F2-37E23307F05A}
	EndGlobalSection
EndGlobal
